
Microsoft Visual Studio Solution File, Format Version 12.00
# Visual Studio 15
VisualStudioVersion = 15.0.28010.2036
MinimumVisualStudioVersion = 10.0.40219.1
Project("{FAE04EC0-301F-11D3-BF4B-00C04F79EFBC}") = "Day01", "Day01\Day01.csproj", "{B02595E6-3B23-43F7-80AD-8056FAC2AFE3}"
EndProject
Project("{FAE04EC0-301F-11D3-BF4B-00C04F79EFBC}") = "Day02", "Day02\Day02.csproj", "{09B3F6E0-3D83-4F4B-887E-AB4BBC56DADB}"
EndProject
Project("{FAE04EC0-301F-11D3-BF4B-00C04F79EFBC}") = "Day03", "Day03\Day03.csproj", "{4E4ACEAD-82F0-478E-9C8C-3B3655CD372B}"
EndProject
Project("{FAE04EC0-301F-11D3-BF4B-00C04F79EFBC}") = "Day04", "Day04\Day04.csproj", "{77C475A9-80CA-4B6A-96BF-8E3E3A0FBB32}"
EndProject
Project("{FAE04EC0-301F-11D3-BF4B-00C04F79EFBC}") = "Day05", "Day05\Day05.csproj", "{DB4FE454-331B-4932-B5D8-A7C46FF6E720}"
EndProject
Project("{FAE04EC0-301F-11D3-BF4B-00C04F79EFBC}") = "Day08", "Day08\Day08.csproj", "{9795A4C6-DD2A-43D5-8870-7786B3FF4348}"
EndProject
Project("{FAE04EC0-301F-11D3-BF4B-00C04F79EFBC}") = "Day07", "Day07\Day07.csproj", "{A8C132DD-8B9C-4E51-8F4A-9DB2D8704FA6}"
EndProject
Project("{FAE04EC0-301F-11D3-BF4B-00C04F79EFBC}") = "Day06", "Day06\Day06.csproj", "{8ADA9FA4-6416-423D-B1C8-EF1017B189AD}"
EndProject
Project("{FAE04EC0-301F-11D3-BF4B-00C04F79EFBC}") = "Day09", "Day09\Day09.csproj", "{3C5B1253-F4DC-46F3-8547-D0C6EF0AA818}"
EndProject
Project("{9A19103F-16F7-4668-BE54-9A1E7A4F7556}") = "Day10", "Day10\Day10.csproj", "{A3024289-B841-4434-B9EB-F27B90DB31E6}"
EndProject
Project("{FAE04EC0-301F-11D3-BF4B-00C04F79EFBC}") = "Day11", "Day11\Day11.csproj", "{118A6566-E5E2-465D-A687-7DF6FBB8632F}"
EndProject
Project("{FAE04EC0-301F-11D3-BF4B-00C04F79EFBC}") = "Day12", "Day12\Day12.csproj", "{E7112E04-C240-4719-AF57-71B0D77F126D}"
EndProject
Global
	GlobalSection(SolutionConfigurationPlatforms) = preSolution
		Debug|Any CPU = Debug|Any CPU
		Release|Any CPU = Release|Any CPU
	EndGlobalSection
	GlobalSection(ProjectConfigurationPlatforms) = postSolution
		{B02595E6-3B23-43F7-80AD-8056FAC2AFE3}.Debug|Any CPU.ActiveCfg = Debug|Any CPU
		{B02595E6-3B23-43F7-80AD-8056FAC2AFE3}.Release|Any CPU.ActiveCfg = Release|Any CPU
		{B02595E6-3B23-43F7-80AD-8056FAC2AFE3}.Release|Any CPU.Build.0 = Release|Any CPU
		{09B3F6E0-3D83-4F4B-887E-AB4BBC56DADB}.Debug|Any CPU.ActiveCfg = Debug|Any CPU
		{09B3F6E0-3D83-4F4B-887E-AB4BBC56DADB}.Release|Any CPU.ActiveCfg = Release|Any CPU
		{09B3F6E0-3D83-4F4B-887E-AB4BBC56DADB}.Release|Any CPU.Build.0 = Release|Any CPU
		{4E4ACEAD-82F0-478E-9C8C-3B3655CD372B}.Debug|Any CPU.ActiveCfg = Debug|Any CPU
		{4E4ACEAD-82F0-478E-9C8C-3B3655CD372B}.Release|Any CPU.ActiveCfg = Release|Any CPU
		{4E4ACEAD-82F0-478E-9C8C-3B3655CD372B}.Release|Any CPU.Build.0 = Release|Any CPU
		{77C475A9-80CA-4B6A-96BF-8E3E3A0FBB32}.Debug|Any CPU.ActiveCfg = Debug|Any CPU
		{77C475A9-80CA-4B6A-96BF-8E3E3A0FBB32}.Release|Any CPU.ActiveCfg = Release|Any CPU
		{77C475A9-80CA-4B6A-96BF-8E3E3A0FBB32}.Release|Any CPU.Build.0 = Release|Any CPU
		{DB4FE454-331B-4932-B5D8-A7C46FF6E720}.Debug|Any CPU.ActiveCfg = Debug|Any CPU
		{DB4FE454-331B-4932-B5D8-A7C46FF6E720}.Release|Any CPU.ActiveCfg = Release|Any CPU
		{DB4FE454-331B-4932-B5D8-A7C46FF6E720}.Release|Any CPU.Build.0 = Release|Any CPU
		{9795A4C6-DD2A-43D5-8870-7786B3FF4348}.Debug|Any CPU.ActiveCfg = Debug|Any CPU
		{9795A4C6-DD2A-43D5-8870-7786B3FF4348}.Release|Any CPU.ActiveCfg = Release|Any CPU
		{9795A4C6-DD2A-43D5-8870-7786B3FF4348}.Release|Any CPU.Build.0 = Release|Any CPU
		{A8C132DD-8B9C-4E51-8F4A-9DB2D8704FA6}.Debug|Any CPU.ActiveCfg = Debug|Any CPU
		{A8C132DD-8B9C-4E51-8F4A-9DB2D8704FA6}.Release|Any CPU.ActiveCfg = Release|Any CPU
		{A8C132DD-8B9C-4E51-8F4A-9DB2D8704FA6}.Release|Any CPU.Build.0 = Release|Any CPU
		{8ADA9FA4-6416-423D-B1C8-EF1017B189AD}.Debug|Any CPU.ActiveCfg = Debug|Any CPU
		{8ADA9FA4-6416-423D-B1C8-EF1017B189AD}.Release|Any CPU.ActiveCfg = Release|Any CPU
		{8ADA9FA4-6416-423D-B1C8-EF1017B189AD}.Release|Any CPU.Build.0 = Release|Any CPU
		{3C5B1253-F4DC-46F3-8547-D0C6EF0AA818}.Debug|Any CPU.ActiveCfg = Debug|Any CPU
		{3C5B1253-F4DC-46F3-8547-D0C6EF0AA818}.Release|Any CPU.ActiveCfg = Release|Any CPU
		{3C5B1253-F4DC-46F3-8547-D0C6EF0AA818}.Release|Any CPU.Build.0 = Release|Any CPU
		{A3024289-B841-4434-B9EB-F27B90DB31E6}.Debug|Any CPU.ActiveCfg = Debug|Any CPU
		{A3024289-B841-4434-B9EB-F27B90DB31E6}.Release|Any CPU.ActiveCfg = Release|Any CPU
		{A3024289-B841-4434-B9EB-F27B90DB31E6}.Release|Any CPU.Build.0 = Release|Any CPU
		{118A6566-E5E2-465D-A687-7DF6FBB8632F}.Debug|Any CPU.ActiveCfg = Debug|Any CPU
		{118A6566-E5E2-465D-A687-7DF6FBB8632F}.Debug|Any CPU.Build.0 = Debug|Any CPU
		{118A6566-E5E2-465D-A687-7DF6FBB8632F}.Release|Any CPU.ActiveCfg = Release|Any CPU
		{118A6566-E5E2-465D-A687-7DF6FBB8632F}.Release|Any CPU.Build.0 = Release|Any CPU
		{E7112E04-C240-4719-AF57-71B0D77F126D}.Debug|Any CPU.ActiveCfg = Debug|Any CPU
		{E7112E04-C240-4719-AF57-71B0D77F126D}.Debug|Any CPU.Build.0 = Debug|Any CPU
		{E7112E04-C240-4719-AF57-71B0D77F126D}.Release|Any CPU.ActiveCfg = Release|Any CPU
		{E7112E04-C240-4719-AF57-71B0D77F126D}.Release|Any CPU.Build.0 = Release|Any CPU
	EndGlobalSection
	GlobalSection(SolutionProperties) = preSolution
		HideSolutionNode = FALSE
	EndGlobalSection
	GlobalSection(ExtensibilityGlobals) = postSolution
		SolutionGuid = {38E5A93E-AB16-4351-B0CB-364A6EBDEF6C}
	EndGlobalSection
	GlobalSection(Performance) = preSolution
		HasPerformanceSessions = true
	EndGlobalSection
EndGlobal
